
Microsoft Visual Studio Solution File, Format Version 12.00
# Visual Studio Version 17
VisualStudioVersion = 17.4.33213.308
MinimumVisualStudioVersion = 10.0.40219.1
Project("{FAE04EC0-301F-11D3-BF4B-00C04F79EFBC}") = "exe01", "exe01\exe01.csproj", "{36384DC1-9398-4299-826F-5B7C41381F0D}"
EndProject
Global
	GlobalSection(SolutionConfigurationPlatforms) = preSolution
		Debug|Any CPU = Debug|Any CPU
		Release|Any CPU = Release|Any CPU
	EndGlobalSection
	GlobalSection(ProjectConfigurationPlatforms) = postSolution
		{36384DC1-9398-4299-826F-5B7C41381F0D}.Debug|Any CPU.ActiveCfg = Debug|Any CPU
		{36384DC1-9398-4299-826F-5B7C41381F0D}.Debug|Any CPU.Build.0 = Debug|Any CPU
		{36384DC1-9398-4299-826F-5B7C41381F0D}.Release|Any CPU.ActiveCfg = Release|Any CPU
		{36384DC1-9398-4299-826F-5B7C41381F0D}.Release|Any CPU.Build.0 = Release|Any CPU
	EndGlobalSection
	GlobalSection(SolutionProperties) = preSolution
		HideSolutionNode = FALSE
	EndGlobalSection
	GlobalSection(ExtensibilityGlobals) = postSolution
		SolutionGuid = {322B5380-6686-49D0-815E-2D7FF163F067}
	EndGlobalSection
EndGlobal
