
Microsoft Visual Studio Solution File, Format Version 12.00
# Visual Studio Version 17
VisualStudioVersion = 17.4.33213.308
MinimumVisualStudioVersion = 10.0.40219.1
Project("{FAE04EC0-301F-11D3-BF4B-00C04F79EFBC}") = "ExemploParametro", "ExemploParametro\ExemploParametro.csproj", "{3597BA06-3006-4EDA-BDF3-31D28155D986}"
EndProject
Global
	GlobalSection(SolutionConfigurationPlatforms) = preSolution
		Debug|Any CPU = Debug|Any CPU
		Release|Any CPU = Release|Any CPU
	EndGlobalSection
	GlobalSection(ProjectConfigurationPlatforms) = postSolution
		{3597BA06-3006-4EDA-BDF3-31D28155D986}.Debug|Any CPU.ActiveCfg = Debug|Any CPU
		{3597BA06-3006-4EDA-BDF3-31D28155D986}.Debug|Any CPU.Build.0 = Debug|Any CPU
		{3597BA06-3006-4EDA-BDF3-31D28155D986}.Release|Any CPU.ActiveCfg = Release|Any CPU
		{3597BA06-3006-4EDA-BDF3-31D28155D986}.Release|Any CPU.Build.0 = Release|Any CPU
	EndGlobalSection
	GlobalSection(SolutionProperties) = preSolution
		HideSolutionNode = FALSE
	EndGlobalSection
	GlobalSection(ExtensibilityGlobals) = postSolution
		SolutionGuid = {F20922CB-CAE7-4CF7-B21E-4A12FF59B6D9}
	EndGlobalSection
EndGlobal
