
Microsoft Visual Studio Solution File, Format Version 12.00
# Visual Studio Version 17
VisualStudioVersion = 17.7.34202.233
MinimumVisualStudioVersion = 10.0.40219.1
Project("{FAE04EC0-301F-11D3-BF4B-00C04F79EFBC}") = "Exerc_video", "Exerc_video\Exerc_video.csproj", "{7B1235EE-1574-4DBE-86FA-70E1AC9E2ECB}"
EndProject
Global
	GlobalSection(SolutionConfigurationPlatforms) = preSolution
		Debug|Any CPU = Debug|Any CPU
		Release|Any CPU = Release|Any CPU
	EndGlobalSection
	GlobalSection(ProjectConfigurationPlatforms) = postSolution
		{7B1235EE-1574-4DBE-86FA-70E1AC9E2ECB}.Debug|Any CPU.ActiveCfg = Debug|Any CPU
		{7B1235EE-1574-4DBE-86FA-70E1AC9E2ECB}.Debug|Any CPU.Build.0 = Debug|Any CPU
		{7B1235EE-1574-4DBE-86FA-70E1AC9E2ECB}.Release|Any CPU.ActiveCfg = Release|Any CPU
		{7B1235EE-1574-4DBE-86FA-70E1AC9E2ECB}.Release|Any CPU.Build.0 = Release|Any CPU
	EndGlobalSection
	GlobalSection(SolutionProperties) = preSolution
		HideSolutionNode = FALSE
	EndGlobalSection
	GlobalSection(ExtensibilityGlobals) = postSolution
		SolutionGuid = {1DBDC282-FBA5-4060-821D-B1B5E68ADE4E}
	EndGlobalSection
EndGlobal
