
Microsoft Visual Studio Solution File, Format Version 12.00
# Visual Studio Version 17
VisualStudioVersion = 17.4.33213.308
MinimumVisualStudioVersion = 10.0.40219.1
Project("{FAE04EC0-301F-11D3-BF4B-00C04F79EFBC}") = "Carro", "Carro\Carro.csproj", "{F8968FD8-EDFD-4B0E-866A-A8A492313B1D}"
EndProject
Global
	GlobalSection(SolutionConfigurationPlatforms) = preSolution
		Debug|Any CPU = Debug|Any CPU
		Release|Any CPU = Release|Any CPU
	EndGlobalSection
	GlobalSection(ProjectConfigurationPlatforms) = postSolution
		{F8968FD8-EDFD-4B0E-866A-A8A492313B1D}.Debug|Any CPU.ActiveCfg = Debug|Any CPU
		{F8968FD8-EDFD-4B0E-866A-A8A492313B1D}.Debug|Any CPU.Build.0 = Debug|Any CPU
		{F8968FD8-EDFD-4B0E-866A-A8A492313B1D}.Release|Any CPU.ActiveCfg = Release|Any CPU
		{F8968FD8-EDFD-4B0E-866A-A8A492313B1D}.Release|Any CPU.Build.0 = Release|Any CPU
	EndGlobalSection
	GlobalSection(SolutionProperties) = preSolution
		HideSolutionNode = FALSE
	EndGlobalSection
	GlobalSection(ExtensibilityGlobals) = postSolution
		SolutionGuid = {039312C2-7C50-4B59-A88A-77843CE82914}
	EndGlobalSection
EndGlobal
