
Microsoft Visual Studio Solution File, Format Version 12.00
# Visual Studio Version 17
VisualStudioVersion = 17.4.33213.308
MinimumVisualStudioVersion = 10.0.40219.1
Project("{FAE04EC0-301F-11D3-BF4B-00C04F79EFBC}") = "Quadrado", "Quadrado\Quadrado.csproj", "{A8CFCE33-AB92-4B1C-A147-DCF086CC8D06}"
EndProject
Global
	GlobalSection(SolutionConfigurationPlatforms) = preSolution
		Debug|Any CPU = Debug|Any CPU
		Release|Any CPU = Release|Any CPU
	EndGlobalSection
	GlobalSection(ProjectConfigurationPlatforms) = postSolution
		{A8CFCE33-AB92-4B1C-A147-DCF086CC8D06}.Debug|Any CPU.ActiveCfg = Debug|Any CPU
		{A8CFCE33-AB92-4B1C-A147-DCF086CC8D06}.Debug|Any CPU.Build.0 = Debug|Any CPU
		{A8CFCE33-AB92-4B1C-A147-DCF086CC8D06}.Release|Any CPU.ActiveCfg = Release|Any CPU
		{A8CFCE33-AB92-4B1C-A147-DCF086CC8D06}.Release|Any CPU.Build.0 = Release|Any CPU
	EndGlobalSection
	GlobalSection(SolutionProperties) = preSolution
		HideSolutionNode = FALSE
	EndGlobalSection
	GlobalSection(ExtensibilityGlobals) = postSolution
		SolutionGuid = {651D068A-8F10-45B9-9B62-B94362649C55}
	EndGlobalSection
EndGlobal
