
Microsoft Visual Studio Solution File, Format Version 12.00
# Visual Studio Version 17
VisualStudioVersion = 17.7.34202.233
MinimumVisualStudioVersion = 10.0.40219.1
Project("{FAE04EC0-301F-11D3-BF4B-00C04F79EFBC}") = "exe12", "exe12\exe12.csproj", "{3A0DDA1F-6A73-48A0-B29C-3E0227EF80E8}"
EndProject
Global
	GlobalSection(SolutionConfigurationPlatforms) = preSolution
		Debug|Any CPU = Debug|Any CPU
		Release|Any CPU = Release|Any CPU
	EndGlobalSection
	GlobalSection(ProjectConfigurationPlatforms) = postSolution
		{3A0DDA1F-6A73-48A0-B29C-3E0227EF80E8}.Debug|Any CPU.ActiveCfg = Debug|Any CPU
		{3A0DDA1F-6A73-48A0-B29C-3E0227EF80E8}.Debug|Any CPU.Build.0 = Debug|Any CPU
		{3A0DDA1F-6A73-48A0-B29C-3E0227EF80E8}.Release|Any CPU.ActiveCfg = Release|Any CPU
		{3A0DDA1F-6A73-48A0-B29C-3E0227EF80E8}.Release|Any CPU.Build.0 = Release|Any CPU
	EndGlobalSection
	GlobalSection(SolutionProperties) = preSolution
		HideSolutionNode = FALSE
	EndGlobalSection
	GlobalSection(ExtensibilityGlobals) = postSolution
		SolutionGuid = {97867B1C-3E61-4EE0-AFEB-5EF968BE8079}
	EndGlobalSection
EndGlobal
