
Microsoft Visual Studio Solution File, Format Version 12.00
# Visual Studio Version 17
VisualStudioVersion = 17.7.34202.233
MinimumVisualStudioVersion = 10.0.40219.1
Project("{FAE04EC0-301F-11D3-BF4B-00C04F79EFBC}") = "exe08", "exe08\exe08.csproj", "{C91FA25D-A7F8-4DE1-81D9-1E295DB9C82D}"
EndProject
Global
	GlobalSection(SolutionConfigurationPlatforms) = preSolution
		Debug|Any CPU = Debug|Any CPU
		Release|Any CPU = Release|Any CPU
	EndGlobalSection
	GlobalSection(ProjectConfigurationPlatforms) = postSolution
		{C91FA25D-A7F8-4DE1-81D9-1E295DB9C82D}.Debug|Any CPU.ActiveCfg = Debug|Any CPU
		{C91FA25D-A7F8-4DE1-81D9-1E295DB9C82D}.Debug|Any CPU.Build.0 = Debug|Any CPU
		{C91FA25D-A7F8-4DE1-81D9-1E295DB9C82D}.Release|Any CPU.ActiveCfg = Release|Any CPU
		{C91FA25D-A7F8-4DE1-81D9-1E295DB9C82D}.Release|Any CPU.Build.0 = Release|Any CPU
	EndGlobalSection
	GlobalSection(SolutionProperties) = preSolution
		HideSolutionNode = FALSE
	EndGlobalSection
	GlobalSection(ExtensibilityGlobals) = postSolution
		SolutionGuid = {36973AA3-4175-4388-A647-6FD6D9AA689A}
	EndGlobalSection
EndGlobal
