
Microsoft Visual Studio Solution File, Format Version 12.00
# Visual Studio Version 17
VisualStudioVersion = 17.4.33213.308
MinimumVisualStudioVersion = 10.0.40219.1
Project("{FAE04EC0-301F-11D3-BF4B-00C04F79EFBC}") = "Dados", "Dados\Dados.csproj", "{EDA71513-0093-4F7C-BC30-61DE5121157A}"
EndProject
Global
	GlobalSection(SolutionConfigurationPlatforms) = preSolution
		Debug|Any CPU = Debug|Any CPU
		Release|Any CPU = Release|Any CPU
	EndGlobalSection
	GlobalSection(ProjectConfigurationPlatforms) = postSolution
		{EDA71513-0093-4F7C-BC30-61DE5121157A}.Debug|Any CPU.ActiveCfg = Debug|Any CPU
		{EDA71513-0093-4F7C-BC30-61DE5121157A}.Debug|Any CPU.Build.0 = Debug|Any CPU
		{EDA71513-0093-4F7C-BC30-61DE5121157A}.Release|Any CPU.ActiveCfg = Release|Any CPU
		{EDA71513-0093-4F7C-BC30-61DE5121157A}.Release|Any CPU.Build.0 = Release|Any CPU
	EndGlobalSection
	GlobalSection(SolutionProperties) = preSolution
		HideSolutionNode = FALSE
	EndGlobalSection
	GlobalSection(ExtensibilityGlobals) = postSolution
		SolutionGuid = {F198BC30-F445-415E-B02F-BC88AA243A20}
	EndGlobalSection
EndGlobal
